
Microsoft Visual Studio Solution File, Format Version 12.00
# Visual Studio Version 16
VisualStudioVersion = 16.0.31702.278
MinimumVisualStudioVersion = 10.0.40219.1
Project("{FAE04EC0-301F-11D3-BF4B-00C04F79EFBC}") = "vizsgagyakorlas", "vizsgagyakorlas\vizsgagyakorlas.csproj", "{F7848F93-3280-42BF-897E-F4D88F018189}"
EndProject
Global
	GlobalSection(SolutionConfigurationPlatforms) = preSolution
		Debug|Any CPU = Debug|Any CPU
		Release|Any CPU = Release|Any CPU
	EndGlobalSection
	GlobalSection(ProjectConfigurationPlatforms) = postSolution
		{F7848F93-3280-42BF-897E-F4D88F018189}.Debug|Any CPU.ActiveCfg = Debug|Any CPU
		{F7848F93-3280-42BF-897E-F4D88F018189}.Debug|Any CPU.Build.0 = Debug|Any CPU
		{F7848F93-3280-42BF-897E-F4D88F018189}.Release|Any CPU.ActiveCfg = Release|Any CPU
		{F7848F93-3280-42BF-897E-F4D88F018189}.Release|Any CPU.Build.0 = Release|Any CPU
	EndGlobalSection
	GlobalSection(SolutionProperties) = preSolution
		HideSolutionNode = FALSE
	EndGlobalSection
	GlobalSection(ExtensibilityGlobals) = postSolution
		SolutionGuid = {04DF3E9C-3CDF-47F7-835D-5ED82A13551F}
	EndGlobalSection
EndGlobal
